<?xml version="1.0" encoding="utf-8"?>
<Project ToolsVersion="4.0" xmlns="http://schemas.microsoft.com/developer/msbuild/2003">
  <ItemGroup>
    <Filter Include="Source Files">
      <UniqueIdentifier>{4FC737F1-C7A5-4376-A066-2A32D752A2FF}</UniqueIdentifier>
      <Extensions>cpp;c;cc;cxx;c++;cppm;ixx;def;odl;idl;hpj;bat;asm;asmx</Extensions>
    </Filter>
    <Filter Include="Header Files">
      <UniqueIdentifier>{93995380-89BD-4b04-88EB-625FBE52EBFB}</UniqueIdentifier>
      <Extensions>h;hh;hpp;hxx;h++;hm;inl;inc;ipp;xsd</Extensions>
    </Filter>
    <Filter Include="Resource Files">
      <UniqueIdentifier>{67DA6AB6-F800-4c08-8B7A-83BB121AAD01}</UniqueIdentifier>
      <Extensions>rc;ico;cur;bmp;dlg;rc2;rct;bin;rgs;gif;jpg;jpeg;jpe;resx;tiff;tif;png;wav;mfcribbon-ms</Extensions>
    </Filter>
    <Filter Include="Header Files\Wagons">
      <UniqueIdentifier>{c8461e70-c21a-4e19-98a6-5259cc2c591e}</UniqueIdentifier>
    </Filter>
    <Filter Include="Header Files\String&amp;Vector">
      <UniqueIdentifier>{5bc03564-2541-43eb-bc4b-4c62ca0172cd}</UniqueIdentifier>
    </Filter>
    <Filter Include="Source Files\Wagons">
      <UniqueIdentifier>{e3610e9e-2d00-4304-a136-b680aac1033b}</UniqueIdentifier>
    </Filter>
    <Filter Include="Header Files\Users">
      <UniqueIdentifier>{9333e7e2-d806-4aeb-9e29-b30ddafb6241}</UniqueIdentifier>
    </Filter>
    <Filter Include="Source Files\Users">
      <UniqueIdentifier>{d004e0f1-cb5a-4272-8623-a4358d7dd547}</UniqueIdentifier>
    </Filter>
  </ItemGroup>
  <ItemGroup>
    <ClInclude Include="Train.h">
      <Filter>Header Files</Filter>
    </ClInclude>
    <ClInclude Include="Station.h">
      <Filter>Header Files</Filter>
    </ClInclude>
    <ClInclude Include="Ticket.h">
      <Filter>Header Files</Filter>
    </ClInclude>
    <ClInclude Include="FirstClassWagon.h">
      <Filter>Header Files\Wagons</Filter>
    </ClInclude>
    <ClInclude Include="SecondClassWagon.h">
      <Filter>Header Files\Wagons</Filter>
    </ClInclude>
    <ClInclude Include="SleepingWagon.h">
      <Filter>Header Files\Wagons</Filter>
    </ClInclude>
    <ClInclude Include="Wagon.h">
      <Filter>Header Files\Wagons</Filter>
    </ClInclude>
    <ClInclude Include="Vector.h">
      <Filter>Header Files\String&amp;Vector</Filter>
    </ClInclude>
    <ClInclude Include="String.h">
      <Filter>Header Files\String&amp;Vector</Filter>
    </ClInclude>
    <ClInclude Include="DiscountCard.h">
      <Filter>Header Files</Filter>
    </ClInclude>
    <ClInclude Include="User.h">
      <Filter>Header Files\Users</Filter>
    </ClInclude>
    <ClInclude Include="Administrator.h">
      <Filter>Header Files\Users</Filter>
    </ClInclude>
  </ItemGroup>
  <ItemGroup>
    <ClCompile Include="Station.cpp">
      <Filter>Source Files</Filter>
    </ClCompile>
    <ClCompile Include="Train.cpp">
      <Filter>Source Files</Filter>
    </ClCompile>
    <ClCompile Include="DiscountCard.cpp">
      <Filter>Source Files</Filter>
    </ClCompile>
    <ClCompile Include="Ticket.cpp">
      <Filter>Source Files</Filter>
    </ClCompile>
    <ClCompile Include="FirstClassWagon.cpp">
      <Filter>Source Files\Wagons</Filter>
    </ClCompile>
    <ClCompile Include="SecondClassWagon.cpp">
      <Filter>Source Files\Wagons</Filter>
    </ClCompile>
    <ClCompile Include="SleepingWagon.cpp">
      <Filter>Source Files\Wagons</Filter>
    </ClCompile>
    <ClCompile Include="Wagon.cpp">
      <Filter>Source Files\Wagons</Filter>
    </ClCompile>
    <ClCompile Include="User.cpp">
      <Filter>Source Files\Users</Filter>
    </ClCompile>
    <ClCompile Include="Administrator.cpp">
      <Filter>Source Files\Users</Filter>
    </ClCompile>
  </ItemGroup>
</Project>